
Microsoft Visual Studio Solution File, Format Version 12.00
# Visual Studio Version 17
VisualStudioVersion = 17.14.36603.0 d17.14
MinimumVisualStudioVersion = 10.0.40219.1
Project("{FAE04EC0-301F-11D3-BF4B-00C04F79EFBC}") = "Laba_4", "Laba_4.csproj", "{94D9D449-283E-4AA2-9AFE-311102BF6EAB}"
EndProject
Global
	GlobalSection(SolutionConfigurationPlatforms) = preSolution
		Debug|Any CPU = Debug|Any CPU
		Release|Any CPU = Release|Any CPU
	EndGlobalSection
	GlobalSection(ProjectConfigurationPlatforms) = postSolution
		{94D9D449-283E-4AA2-9AFE-311102BF6EAB}.Debug|Any CPU.ActiveCfg = Debug|Any CPU
		{94D9D449-283E-4AA2-9AFE-311102BF6EAB}.Debug|Any CPU.Build.0 = Debug|Any CPU
		{94D9D449-283E-4AA2-9AFE-311102BF6EAB}.Release|Any CPU.ActiveCfg = Release|Any CPU
		{94D9D449-283E-4AA2-9AFE-311102BF6EAB}.Release|Any CPU.Build.0 = Release|Any CPU
	EndGlobalSection
	GlobalSection(SolutionProperties) = preSolution
		HideSolutionNode = FALSE
	EndGlobalSection
	GlobalSection(ExtensibilityGlobals) = postSolution
		SolutionGuid = {49571C6D-C938-4FB1-B22E-39EEB4532C44}
	EndGlobalSection
EndGlobal
