
Microsoft Visual Studio Solution File, Format Version 12.00
# Visual Studio Version 17
VisualStudioVersion = 17.14.36603.0 d17.14
MinimumVisualStudioVersion = 10.0.40219.1
Project("{FAE04EC0-301F-11D3-BF4B-00C04F79EFBC}") = "Лаба_3", "Лаба_3.csproj", "{BCC164B7-D08D-4FAA-BF9F-92FFB22262E7}"
EndProject
Global
	GlobalSection(SolutionConfigurationPlatforms) = preSolution
		Debug|Any CPU = Debug|Any CPU
		Release|Any CPU = Release|Any CPU
	EndGlobalSection
	GlobalSection(ProjectConfigurationPlatforms) = postSolution
		{BCC164B7-D08D-4FAA-BF9F-92FFB22262E7}.Debug|Any CPU.ActiveCfg = Debug|Any CPU
		{BCC164B7-D08D-4FAA-BF9F-92FFB22262E7}.Debug|Any CPU.Build.0 = Debug|Any CPU
		{BCC164B7-D08D-4FAA-BF9F-92FFB22262E7}.Release|Any CPU.ActiveCfg = Release|Any CPU
		{BCC164B7-D08D-4FAA-BF9F-92FFB22262E7}.Release|Any CPU.Build.0 = Release|Any CPU
	EndGlobalSection
	GlobalSection(SolutionProperties) = preSolution
		HideSolutionNode = FALSE
	EndGlobalSection
	GlobalSection(ExtensibilityGlobals) = postSolution
		SolutionGuid = {1A258BA4-85D2-4935-BBFD-4E2CEC20E91D}
	EndGlobalSection
EndGlobal
